
Microsoft Visual Studio Solution File, Format Version 11.00
# Visual Studio 2010
Project("{FAE04EC0-301F-11D3-BF4B-00C04F79EFBC}") = "EndWork", "Assembly-CSharp.csproj", "{DDC4D5E5-0181-13B8-F59A-3A7BF3A9C265}"
EndProject
Project("{FAE04EC0-301F-11D3-BF4B-00C04F79EFBC}") = "EndWork", "Assembly-CSharp-Editor.csproj", "{91D863E5-13D0-22E2-D4FA-F6A87E9EC2BE}"
EndProject
Global
	GlobalSection(SolutionConfigurationPlatforms) = preSolution
		Debug|Any CPU = Debug|Any CPU
		Release|Any CPU = Release|Any CPU
	EndGlobalSection
	GlobalSection(ProjectConfigurationPlatforms) = postSolution
		{DDC4D5E5-0181-13B8-F59A-3A7BF3A9C265}.Debug|Any CPU.ActiveCfg = Debug|Any CPU
		{DDC4D5E5-0181-13B8-F59A-3A7BF3A9C265}.Debug|Any CPU.Build.0 = Debug|Any CPU
		{DDC4D5E5-0181-13B8-F59A-3A7BF3A9C265}.Release|Any CPU.ActiveCfg = Release|Any CPU
		{DDC4D5E5-0181-13B8-F59A-3A7BF3A9C265}.Release|Any CPU.Build.0 = Release|Any CPU
		{91D863E5-13D0-22E2-D4FA-F6A87E9EC2BE}.Debug|Any CPU.ActiveCfg = Debug|Any CPU
		{91D863E5-13D0-22E2-D4FA-F6A87E9EC2BE}.Debug|Any CPU.Build.0 = Debug|Any CPU
		{91D863E5-13D0-22E2-D4FA-F6A87E9EC2BE}.Release|Any CPU.ActiveCfg = Release|Any CPU
		{91D863E5-13D0-22E2-D4FA-F6A87E9EC2BE}.Release|Any CPU.Build.0 = Release|Any CPU
	EndGlobalSection
	GlobalSection(SolutionProperties) = preSolution
		HideSolutionNode = FALSE
	EndGlobalSection
	GlobalSection(MonoDevelopProperties) = preSolution
		StartupItem = Assembly-CSharp.csproj
	EndGlobalSection
EndGlobal
